
Microsoft Visual Studio Solution File, Format Version 12.00
# Visual Studio Version 17
VisualStudioVersion = 17.5.33424.131
MinimumVisualStudioVersion = 10.0.40219.1
Project("{FAE04EC0-301F-11D3-BF4B-00C04F79EFBC}") = "Solidariza", "Solidariza\Solidariza.csproj", "{76BC4439-F7ED-4166-86E8-D302CDC2253F}"
EndProject
Global
	GlobalSection(SolutionConfigurationPlatforms) = preSolution
		Debug|Any CPU = Debug|Any CPU
		Release|Any CPU = Release|Any CPU
	EndGlobalSection
	GlobalSection(ProjectConfigurationPlatforms) = postSolution
		{76BC4439-F7ED-4166-86E8-D302CDC2253F}.Debug|Any CPU.ActiveCfg = Debug|Any CPU
		{76BC4439-F7ED-4166-86E8-D302CDC2253F}.Debug|Any CPU.Build.0 = Debug|Any CPU
		{76BC4439-F7ED-4166-86E8-D302CDC2253F}.Release|Any CPU.ActiveCfg = Release|Any CPU
		{76BC4439-F7ED-4166-86E8-D302CDC2253F}.Release|Any CPU.Build.0 = Release|Any CPU
	EndGlobalSection
	GlobalSection(SolutionProperties) = preSolution
		HideSolutionNode = FALSE
	EndGlobalSection
	GlobalSection(ExtensibilityGlobals) = postSolution
		SolutionGuid = {D0F6ED55-9FE6-4152-AE94-5D75A3E8FF34}
	EndGlobalSection
EndGlobal
